
Microsoft Visual Studio Solution File, Format Version 12.00
# Visual Studio Version 16
VisualStudioVersion = 16.0.29201.188
MinimumVisualStudioVersion = 10.0.40219.1
Project("{9A19103F-16F7-4668-BE54-9A1E7A4F7556}") = "MovieList.API", "MovieList\MovieList.API.csproj", "{24DD7D7E-A1C3-4AE0-9BDD-E7E0182533A5}"
EndProject
Project("{9A19103F-16F7-4668-BE54-9A1E7A4F7556}") = "MovieList.Common", "MovieList.Common\MovieList.Common.csproj", "{6FCDA38E-331A-47AE-9AB5-E4238996FAAA}"
EndProject
Project("{9A19103F-16F7-4668-BE54-9A1E7A4F7556}") = "MovieList.Data", "MovieList.Data\MovieList.Data.csproj", "{9D477270-9825-434F-8D7C-DDEF624F6A66}"
EndProject
Global
	GlobalSection(SolutionConfigurationPlatforms) = preSolution
		Debug|Any CPU = Debug|Any CPU
		Release|Any CPU = Release|Any CPU
	EndGlobalSection
	GlobalSection(ProjectConfigurationPlatforms) = postSolution
		{24DD7D7E-A1C3-4AE0-9BDD-E7E0182533A5}.Debug|Any CPU.ActiveCfg = Debug|Any CPU
		{24DD7D7E-A1C3-4AE0-9BDD-E7E0182533A5}.Debug|Any CPU.Build.0 = Debug|Any CPU
		{24DD7D7E-A1C3-4AE0-9BDD-E7E0182533A5}.Release|Any CPU.ActiveCfg = Release|Any CPU
		{24DD7D7E-A1C3-4AE0-9BDD-E7E0182533A5}.Release|Any CPU.Build.0 = Release|Any CPU
		{6FCDA38E-331A-47AE-9AB5-E4238996FAAA}.Debug|Any CPU.ActiveCfg = Debug|Any CPU
		{6FCDA38E-331A-47AE-9AB5-E4238996FAAA}.Debug|Any CPU.Build.0 = Debug|Any CPU
		{6FCDA38E-331A-47AE-9AB5-E4238996FAAA}.Release|Any CPU.ActiveCfg = Release|Any CPU
		{6FCDA38E-331A-47AE-9AB5-E4238996FAAA}.Release|Any CPU.Build.0 = Release|Any CPU
		{9D477270-9825-434F-8D7C-DDEF624F6A66}.Debug|Any CPU.ActiveCfg = Debug|Any CPU
		{9D477270-9825-434F-8D7C-DDEF624F6A66}.Debug|Any CPU.Build.0 = Debug|Any CPU
		{9D477270-9825-434F-8D7C-DDEF624F6A66}.Release|Any CPU.ActiveCfg = Release|Any CPU
		{9D477270-9825-434F-8D7C-DDEF624F6A66}.Release|Any CPU.Build.0 = Release|Any CPU
	EndGlobalSection
	GlobalSection(SolutionProperties) = preSolution
		HideSolutionNode = FALSE
	EndGlobalSection
	GlobalSection(ExtensibilityGlobals) = postSolution
		SolutionGuid = {9D0AF682-3F4C-477F-BE76-4D89C6883383}
	EndGlobalSection
EndGlobal
